
Microsoft Visual Studio Solution File, Format Version 12.00
# Visual Studio Version 16
VisualStudioVersion = 16.0.35325.158
MinimumVisualStudioVersion = 10.0.40219.1
Project("{FAE04EC0-301F-11D3-BF4B-00C04F79EFBC}") = "ClientSideValidation", "ClientSideValidation\ClientSideValidation.csproj", "{89FFBBEF-B14E-44C6-892A-1AF36AA84A83}"
EndProject
Global
	GlobalSection(SolutionConfigurationPlatforms) = preSolution
		Debug|Any CPU = Debug|Any CPU
		Release|Any CPU = Release|Any CPU
	EndGlobalSection
	GlobalSection(ProjectConfigurationPlatforms) = postSolution
		{89FFBBEF-B14E-44C6-892A-1AF36AA84A83}.Debug|Any CPU.ActiveCfg = Debug|Any CPU
		{89FFBBEF-B14E-44C6-892A-1AF36AA84A83}.Debug|Any CPU.Build.0 = Debug|Any CPU
		{89FFBBEF-B14E-44C6-892A-1AF36AA84A83}.Release|Any CPU.ActiveCfg = Release|Any CPU
		{89FFBBEF-B14E-44C6-892A-1AF36AA84A83}.Release|Any CPU.Build.0 = Release|Any CPU
	EndGlobalSection
	GlobalSection(SolutionProperties) = preSolution
		HideSolutionNode = FALSE
	EndGlobalSection
	GlobalSection(ExtensibilityGlobals) = postSolution
		SolutionGuid = {76062D8A-1E09-4FE6-9CAD-655C6BD88748}
	EndGlobalSection
EndGlobal
