
Microsoft Visual Studio Solution File, Format Version 12.00
# Visual Studio Version 16
VisualStudioVersion = 16.0.35325.158
MinimumVisualStudioVersion = 10.0.40219.1
Project("{FAE04EC0-301F-11D3-BF4B-00C04F79EFBC}") = "CRUD", "CRUD\CRUD.csproj", "{3157736D-1C8C-4A0E-BB6E-33AAF03A5964}"
EndProject
Global
	GlobalSection(SolutionConfigurationPlatforms) = preSolution
		Debug|Any CPU = Debug|Any CPU
		Release|Any CPU = Release|Any CPU
	EndGlobalSection
	GlobalSection(ProjectConfigurationPlatforms) = postSolution
		{3157736D-1C8C-4A0E-BB6E-33AAF03A5964}.Debug|Any CPU.ActiveCfg = Debug|Any CPU
		{3157736D-1C8C-4A0E-BB6E-33AAF03A5964}.Debug|Any CPU.Build.0 = Debug|Any CPU
		{3157736D-1C8C-4A0E-BB6E-33AAF03A5964}.Release|Any CPU.ActiveCfg = Release|Any CPU
		{3157736D-1C8C-4A0E-BB6E-33AAF03A5964}.Release|Any CPU.Build.0 = Release|Any CPU
	EndGlobalSection
	GlobalSection(SolutionProperties) = preSolution
		HideSolutionNode = FALSE
	EndGlobalSection
	GlobalSection(ExtensibilityGlobals) = postSolution
		SolutionGuid = {BD74BED7-05F4-44D4-8766-CE355B3BB2F4}
	EndGlobalSection
EndGlobal
